// !$*UTF8*$!
{
	archiveVersion = 1;
	classes = {
	};
	objectVersion = 46;
	objects = {

/* Begin PBXBuildFile section */
		6970086B1D73EA1600000043 /* main.m in Sources */ = {isa = PBXBuildFile; fileRef = 6970086A1D73EA1600000043 /* main.m */; };
		6970086E1D73EA1600000043 /* AppDelegate.m in Sources */ = {isa = PBXBuildFile; fileRef = 6970086D1D73EA1600000043 /* AppDelegate.m */; };
		697008711D73EA1600000043 /* ViewController.m in Sources */ = {isa = PBXBuildFile; fileRef = 697008701D73EA1600000043 /* ViewController.m */; };
		697008741D73EA1600000043 /* Main.storyboard in Resources */ = {isa = PBXBuildFile; fileRef = 697008721D73EA1600000043 /* Main.storyboard */; };
		697008761D73EA1600000043 /* Assets.xcassets in Resources */ = {isa = PBXBuildFile; fileRef = 697008751D73EA1600000043 /* Assets.xcassets */; };
		697008791D73EA1600000043 /* LaunchScreen.storyboard in Resources */ = {isa = PBXBuildFile; fileRef = 697008771D73EA1600000043 /* LaunchScreen.storyboard */; };
		6970088C1D73EA8100000043 /* AreaSelectViewController.m in Sources */ = {isa = PBXBuildFile; fileRef = 697008851D73EA8100000043 /* AreaSelectViewController.m */; };
		6970088D1D73EA8100000043 /* AreaTableHeaderView.m in Sources */ = {isa = PBXBuildFile; fileRef = 697008871D73EA8100000043 /* AreaTableHeaderView.m */; };
		6970088E1D73EA8100000043 /* AreaTableHeaderView.xib in Resources */ = {isa = PBXBuildFile; fileRef = 697008881D73EA8100000043 /* AreaTableHeaderView.xib */; };
		6970088F1D73EA8100000043 /* AreaTableViewCell.m in Sources */ = {isa = PBXBuildFile; fileRef = 6970088A1D73EA8100000043 /* AreaTableViewCell.m */; };
		697008901D73EA8100000043 /* AreaTableViewCell.xib in Resources */ = {isa = PBXBuildFile; fileRef = 6970088B1D73EA8100000043 /* AreaTableViewCell.xib */; };
/* End PBXBuildFile section */

/* Begin PBXFileReference section */
		697008661D73EA1500000043 /* AreaSelect.app */ = {isa = PBXFileReference; explicitFileType = wrapper.application; includeInIndex = 0; path = AreaSelect.app; sourceTree = BUILT_PRODUCTS_DIR; };
		6970086A1D73EA1600000043 /* main.m */ = {isa = PBXFileReference; lastKnownFileType = sourcecode.c.objc; path = main.m; sourceTree = "<group>"; };
		6970086C1D73EA1600000043 /* AppDelegate.h */ = {isa = PBXFileReference; lastKnownFileType = sourcecode.c.h; path = AppDelegate.h; sourceTree = "<group>"; };
		6970086D1D73EA1600000043 /* AppDelegate.m */ = {isa = PBXFileReference; lastKnownFileType = sourcecode.c.objc; path = AppDelegate.m; sourceTree = "<group>"; };
		6970086F1D73EA1600000043 /* ViewController.h */ = {isa = PBXFileReference; lastKnownFileType = sourcecode.c.h; path = ViewController.h; sourceTree = "<group>"; };
		697008701D73EA1600000043 /* ViewController.m */ = {isa = PBXFileReference; lastKnownFileType = sourcecode.c.objc; path = ViewController.m; sourceTree = "<group>"; };
		697008731D73EA1600000043 /* Base */ = {isa = PBXFileReference; lastKnownFileType = file.storyboard; name = Base; path = Base.lproj/Main.storyboard; sourceTree = "<group>"; };
		697008751D73EA1600000043 /* Assets.xcassets */ = {isa = PBXFileReference; lastKnownFileType = folder.assetcatalog; path = Assets.xcassets; sourceTree = "<group>"; };
		697008781D73EA1600000043 /* Base */ = {isa = PBXFileReference; lastKnownFileType = file.storyboard; name = Base; path = Base.lproj/LaunchScreen.storyboard; sourceTree = "<group>"; };
		6970087A1D73EA1600000043 /* Info.plist */ = {isa = PBXFileReference; lastKnownFileType = text.plist.xml; path = Info.plist; sourceTree = "<group>"; };
		697008841D73EA8100000043 /* AreaSelectViewController.h */ = {isa = PBXFileReference; fileEncoding = 4; lastKnownFileType = sourcecode.c.h; path = AreaSelectViewController.h; sourceTree = "<group>"; };
		697008851D73EA8100000043 /* AreaSelectViewController.m */ = {isa = PBXFileReference; fileEncoding = 4; lastKnownFileType = sourcecode.c.objc; path = AreaSelectViewController.m; sourceTree = "<group>"; };
		697008861D73EA8100000043 /* AreaTableHeaderView.h */ = {isa = PBXFileReference; fileEncoding = 4; lastKnownFileType = sourcecode.c.h; path = AreaTableHeaderView.h; sourceTree = "<group>"; };
		697008871D73EA8100000043 /* AreaTableHeaderView.m */ = {isa = PBXFileReference; fileEncoding = 4; lastKnownFileType = sourcecode.c.objc; path = AreaTableHeaderView.m; sourceTree = "<group>"; };
		697008881D73EA8100000043 /* AreaTableHeaderView.xib */ = {isa = PBXFileReference; fileEncoding = 4; lastKnownFileType = file.xib; path = AreaTableHeaderView.xib; sourceTree = "<group>"; };
		697008891D73EA8100000043 /* AreaTableViewCell.h */ = {isa = PBXFileReference; fileEncoding = 4; lastKnownFileType = sourcecode.c.h; path = AreaTableViewCell.h; sourceTree = "<group>"; };
		6970088A1D73EA8100000043 /* AreaTableViewCell.m */ = {isa = PBXFileReference; fileEncoding = 4; lastKnownFileType = sourcecode.c.objc; path = AreaTableViewCell.m; sourceTree = "<group>"; };
		6970088B1D73EA8100000043 /* AreaTableViewCell.xib */ = {isa = PBXFileReference; fileEncoding = 4; lastKnownFileType = file.xib; path = AreaTableViewCell.xib; sourceTree = "<group>"; };
/* End PBXFileReference section */

/* Begin PBXFrameworksBuildPhase section */
		697008631D73EA1500000043 /* Frameworks */ = {
			isa = PBXFrameworksBuildPhase;
			buildActionMask = 2147483647;
			files = (
			);
			runOnlyForDeploymentPostprocessing = 0;
		};
/* End PBXFrameworksBuildPhase section */

/* Begin PBXGroup section */
		6970085D1D73EA1500000043 = {
			isa = PBXGroup;
			children = (
				697008681D73EA1600000043 /* AreaSelect */,
				697008671D73EA1500000043 /* Products */,
			);
			sourceTree = "<group>";
		};
		697008671D73EA1500000043 /* Products */ = {
			isa = PBXGroup;
			children = (
				697008661D73EA1500000043 /* AreaSelect.app */,
			);
			name = Products;
			sourceTree = "<group>";
		};
		697008681D73EA1600000043 /* AreaSelect */ = {
			isa = PBXGroup;
			children = (
				697008831D73EA6C00000043 /* Area */,
				6970086C1D73EA1600000043 /* AppDelegate.h */,
				6970086D1D73EA1600000043 /* AppDelegate.m */,
				6970086F1D73EA1600000043 /* ViewController.h */,
				697008701D73EA1600000043 /* ViewController.m */,
				697008721D73EA1600000043 /* Main.storyboard */,
				697008751D73EA1600000043 /* Assets.xcassets */,
				697008771D73EA1600000043 /* LaunchScreen.storyboard */,
				6970087A1D73EA1600000043 /* Info.plist */,
				697008691D73EA1600000043 /* Supporting Files */,
			);
			path = AreaSelect;
			sourceTree = "<group>";
		};
		697008691D73EA1600000043 /* Supporting Files */ = {
			isa = PBXGroup;
			children = (
				6970086A1D73EA1600000043 /* main.m */,
			);
			name = "Supporting Files";
			sourceTree = "<group>";
		};
		697008831D73EA6C00000043 /* Area */ = {
			isa = PBXGroup;
			children = (
				697008841D73EA8100000043 /* AreaSelectViewController.h */,
				697008851D73EA8100000043 /* AreaSelectViewController.m */,
				697008861D73EA8100000043 /* AreaTableHeaderView.h */,
				697008871D73EA8100000043 /* AreaTableHeaderView.m */,
				697008881D73EA8100000043 /* AreaTableHeaderView.xib */,
				697008891D73EA8100000043 /* AreaTableViewCell.h */,
				6970088A1D73EA8100000043 /* AreaTableViewCell.m */,
				6970088B1D73EA8100000043 /* AreaTableViewCell.xib */,
			);
			name = Area;
			sourceTree = "<group>";
		};
/* End PBXGroup section */

/* Begin PBXNativeTarget section */
		697008651D73EA1500000043 /* AreaSelect */ = {
			isa = PBXNativeTarget;
			buildConfigurationList = 6970087D1D73EA1600000043 /* Build configuration list for PBXNativeTarget "AreaSelect" */;
			buildPhases = (
				697008621D73EA1500000043 /* Sources */,
				697008631D73EA1500000043 /* Frameworks */,
				697008641D73EA1500000043 /* Resources */,
			);
			buildRules = (
			);
			dependencies = (
			);
			name = AreaSelect;
			productName = AreaSelect;
			productReference = 697008661D73EA1500000043 /* AreaSelect.app */;
			productType = "com.apple.product-type.application";
		};
/* End PBXNativeTarget section */

/* Begin PBXProject section */
		6970085E1D73EA1500000043 /* Project object */ = {
			isa = PBXProject;
			attributes = {
				LastUpgradeCheck = 0730;
				ORGANIZATIONNAME = areaSelect.he.wang;
				TargetAttributes = {
					697008651D73EA1500000043 = {
						CreatedOnToolsVersion = 7.3;
					};
				};
			};
			buildConfigurationList = 697008611D73EA1500000043 /* Build configuration list for PBXProject "AreaSelect" */;
			compatibilityVersion = "Xcode 3.2";
			developmentRegion = English;
			hasScannedForEncodings = 0;
			knownRegions = (
				en,
				Base,
			);
			mainGroup = 6970085D1D73EA1500000043;
			productRefGroup = 697008671D73EA1500000043 /* Products */;
			projectDirPath = "";
			projectRoot = "";
			targets = (
				697008651D73EA1500000043 /* AreaSelect */,
			);
		};
/* End PBXProject section */

/* Begin PBXResourcesBuildPhase section */
		697008641D73EA1500000043 /* Resources */ = {
			isa = PBXResourcesBuildPhase;
			buildActionMask = 2147483647;
			files = (
				697008791D73EA1600000043 /* LaunchScreen.storyboard in Resources */,
				6970088E1D73EA8100000043 /* AreaTableHeaderView.xib in Resources */,
				697008761D73EA1600000043 /* Assets.xcassets in Resources */,
				697008901D73EA8100000043 /* AreaTableViewCell.xib in Resources */,
				697008741D73EA1600000043 /* Main.storyboard in Resources */,
			);
			runOnlyForDeploymentPostprocessing = 0;
		};
/* End PBXResourcesBuildPhase section */

/* Begin PBXSourcesBuildPhase section */
		697008621D73EA1500000043 /* Sources */ = {
			isa = PBXSourcesBuildPhase;
			buildActionMask = 2147483647;
			files = (
				6970088F1D73EA8100000043 /* AreaTableViewCell.m in Sources */,
				6970088C1D73EA8100000043 /* AreaSelectViewController.m in Sources */,
				697008711D73EA1600000043 /* ViewController.m in Sources */,
				6970086E1D73EA1600000043 /* AppDelegate.m in Sources */,
				6970086B1D73EA1600000043 /* main.m in Sources */,
				6970088D1D73EA8100000043 /* AreaTableHeaderView.m in Sources */,
			);
			runOnlyForDeploymentPostprocessing = 0;
		};
/* End PBXSourcesBuildPhase section */

/* Begin PBXVariantGroup section */
		697008721D73EA1600000043 /* Main.storyboard */ = {
			isa = PBXVariantGroup;
			children = (
				697008731D73EA1600000043 /* Base */,
			);
			name = Main.storyboard;
			sourceTree = "<group>";
		};
		697008771D73EA1600000043 /* LaunchScreen.storyboard */ = {
			isa = PBXVariantGroup;
			children = (
				697008781D73EA1600000043 /* Base */,
			);
			name = LaunchScreen.storyboard;
			sourceTree = "<group>";
		};
/* End PBXVariantGroup section */

/* Begin XCBuildConfiguration section */
		6970087B1D73EA1600000043 /* Debug */ = {
			isa = XCBuildConfiguration;
			buildSettings = {
				ALWAYS_SEARCH_USER_PATHS = NO;
				CLANG_ANALYZER_NONNULL = YES;
				CLANG_CXX_LANGUAGE_STANDARD = "gnu++0x";
				CLANG_CXX_LIBRARY = "libc++";
				CLANG_ENABLE_MODULES = YES;
				CLANG_ENABLE_OBJC_ARC = YES;
				CLANG_WARN_BOOL_CONVERSION = YES;
				CLANG_WARN_CONSTANT_CONVERSION = YES;
				CLANG_WARN_DIRECT_OBJC_ISA_USAGE = YES_ERROR;
				CLANG_WARN_EMPTY_BODY = YES;
				CLANG_WARN_ENUM_CONVERSION = YES;
				CLANG_WARN_INT_CONVERSION = YES;
				CLANG_WARN_OBJC_ROOT_CLASS = YES_ERROR;
				CLANG_WARN_UNREACHABLE_CODE = YES;
				CLANG_WARN__DUPLICATE_METHOD_MATCH = YES;
				"CODE_SIGN_IDENTITY[sdk=iphoneos*]" = "iPhone Developer";
				COPY_PHASE_STRIP = NO;
				DEBUG_INFORMATION_FORMAT = dwarf;
				ENABLE_STRICT_OBJC_MSGSEND = YES;
				ENABLE_TESTABILITY = YES;
				GCC_C_LANGUAGE_STANDARD = gnu99;
				GCC_DYNAMIC_NO_PIC = NO;
				GCC_NO_COMMON_BLOCKS = YES;
				GCC_OPTIMIZATION_LEVEL = 0;
				GCC_PREPROCESSOR_DEFINITIONS = (
					"DEBUG=1",
					"$(inherited)",
				);
				GCC_WARN_64_TO_32_BIT_CONVERSION = YES;
				GCC_WARN_ABOUT_RETURN_TYPE = YES_ERROR;
				GCC_WARN_UNDECLARED_SELECTOR = YES;
				GCC_WARN_UNINITIALIZED_AUTOS = YES_AGGRESSIVE;
				GCC_WARN_UNUSED_FUNCTION = YES;
				GCC_WARN_UNUSED_VARIABLE = YES;
				IPHONEOS_DEPLOYMENT_TARGET = 9.3;
				MTL_ENABLE_DEBUG_INFO = YES;
				ONLY_ACTIVE_ARCH = YES;
				SDKROOT = iphoneos;
			};
			name = Debug;
		};
		6970087C1D73EA1600000043 /* Release */ = {
			isa = XCBuildConfiguration;
			buildSettings = {
				ALWAYS_SEARCH_USER_PATHS = NO;
				CLANG_ANALYZER_NONNULL = YES;
				CLANG_CXX_LANGUAGE_STANDARD = "gnu++0x";
				CLANG_CXX_LIBRARY = "libc++";
				CLANG_ENABLE_MODULES = YES;
				CLANG_ENABLE_OBJC_ARC = YES;
				CLANG_WARN_BOOL_CONVERSION = YES;
				CLANG_WARN_CONSTANT_CONVERSION = YES;
				CLANG_WARN_DIRECT_OBJC_ISA_USAGE = YES_ERROR;
				CLANG_WARN_EMPTY_BODY = YES;
				CLANG_WARN_ENUM_CONVERSION = YES;
				CLANG_WARN_INT_CONVERSION = YES;
				CLANG_WARN_OBJC_ROOT_CLASS = YES_ERROR;
				CLANG_WARN_UNREACHABLE_CODE = YES;
				CLANG_WARN__DUPLICATE_METHOD_MATCH = YES;
				"CODE_SIGN_IDENTITY[sdk=iphoneos*]" = "iPhone Developer";
				COPY_PHASE_STRIP = NO;
				DEBUG_INFORMATION_FORMAT = "dwarf-with-dsym";
				ENABLE_NS_ASSERTIONS = NO;
				ENABLE_STRICT_OBJC_MSGSEND = YES;
				GCC_C_LANGUAGE_STANDARD = gnu99;
				GCC_NO_COMMON_BLOCKS = YES;
				GCC_WARN_64_TO_32_BIT_CONVERSION = YES;
				GCC_WARN_ABOUT_RETURN_TYPE = YES_ERROR;
				GCC_WARN_UNDECLARED_SELECTOR = YES;
				GCC_WARN_UNINITIALIZED_AUTOS = YES_AGGRESSIVE;
				GCC_WARN_UNUSED_FUNCTION = YES;
				GCC_WARN_UNUSED_VARIABLE = YES;
				IPHONEOS_DEPLOYMENT_TARGET = 9.3;
				MTL_ENABLE_DEBUG_INFO = NO;
				SDKROOT = iphoneos;
				VALIDATE_PRODUCT = YES;
			};
			name = Release;
		};
		6970087E1D73EA1600000043 /* Debug */ = {
			isa = XCBuildConfiguration;
			buildSettings = {
				ASSETCATALOG_COMPILER_APPICON_NAME = AppIcon;
				INFOPLIST_FILE = AreaSelect/Info.plist;
				LD_RUNPATH_SEARCH_PATHS = "$(inherited) @executable_path/Frameworks";
				PRODUCT_BUNDLE_IDENTIFIER = org.com.abc.AreaSelect;
				PRODUCT_NAME = "$(TARGET_NAME)";
			};
			name = Debug;
		};
		6970087F1D73EA1600000043 /* Release */ = {
			isa = XCBuildConfiguration;
			buildSettings = {
				ASSETCATALOG_COMPILER_APPICON_NAME = AppIcon;
				INFOPLIST_FILE = AreaSelect/Info.plist;
				LD_RUNPATH_SEARCH_PATHS = "$(inherited) @executable_path/Frameworks";
				PRODUCT_BUNDLE_IDENTIFIER = org.com.abc.AreaSelect;
				PRODUCT_NAME = "$(TARGET_NAME)";
			};
			name = Release;
		};
/* End XCBuildConfiguration section */

/* Begin XCConfigurationList section */
		697008611D73EA1500000043 /* Build configuration list for PBXProject "AreaSelect" */ = {
			isa = XCConfigurationList;
			buildConfigurations = (
				6970087B1D73EA1600000043 /* Debug */,
				6970087C1D73EA1600000043 /* Release */,
			);
			defaultConfigurationIsVisible = 0;
			defaultConfigurationName = Release;
		};
		6970087D1D73EA1600000043 /* Build configuration list for PBXNativeTarget "AreaSelect" */ = {
			isa = XCConfigurationList;
			buildConfigurations = (
				6970087E1D73EA1600000043 /* Debug */,
				6970087F1D73EA1600000043 /* Release */,
			);
			defaultConfigurationIsVisible = 0;
		};
/* End XCConfigurationList section */
	};
	rootObject = 6970085E1D73EA1500000043 /* Project object */;
}
